
Microsoft Visual Studio Solution File, Format Version 12.00
# Visual Studio Version 17
VisualStudioVersion = 17.1.32319.34
MinimumVisualStudioVersion = 10.0.40219.1
Project("{FAE04EC0-301F-11D3-BF4B-00C04F79EFBC}") = "LessonAdvanced", "LessonAdvanced\LessonAdvanced.csproj", "{9A77323A-941F-4025-802B-FD08B1598AAA}"
EndProject
Global
	GlobalSection(SolutionConfigurationPlatforms) = preSolution
		Debug|Any CPU = Debug|Any CPU
		Debug|x86 = Debug|x86
		Release|Any CPU = Release|Any CPU
		Release|x86 = Release|x86
	EndGlobalSection
	GlobalSection(ProjectConfigurationPlatforms) = postSolution
		{9A77323A-941F-4025-802B-FD08B1598AAA}.Debug|Any CPU.ActiveCfg = Debug|Any CPU
		{9A77323A-941F-4025-802B-FD08B1598AAA}.Debug|Any CPU.Build.0 = Debug|Any CPU
		{9A77323A-941F-4025-802B-FD08B1598AAA}.Debug|x86.ActiveCfg = Debug|Any CPU
		{9A77323A-941F-4025-802B-FD08B1598AAA}.Debug|x86.Build.0 = Debug|Any CPU
		{9A77323A-941F-4025-802B-FD08B1598AAA}.Release|Any CPU.ActiveCfg = Release|Any CPU
		{9A77323A-941F-4025-802B-FD08B1598AAA}.Release|Any CPU.Build.0 = Release|Any CPU
		{9A77323A-941F-4025-802B-FD08B1598AAA}.Release|x86.ActiveCfg = Release|Any CPU
		{9A77323A-941F-4025-802B-FD08B1598AAA}.Release|x86.Build.0 = Release|Any CPU
	EndGlobalSection
	GlobalSection(SolutionProperties) = preSolution
		HideSolutionNode = FALSE
	EndGlobalSection
	GlobalSection(ExtensibilityGlobals) = postSolution
		SolutionGuid = {D47E69C9-5241-4E88-8D46-EDB21C7B9DB4}
	EndGlobalSection
EndGlobal
